
Microsoft Visual Studio Solution File, Format Version 12.00
# Visual Studio Version 17
VisualStudioVersion = 17.2.32505.173
MinimumVisualStudioVersion = 10.0.40219.1
Project("{FAE04EC0-301F-11D3-BF4B-00C04F79EFBC}") = "WebApplication2", "WebApplication2.csproj", "{46B01093-DB64-4A15-880A-6905345DB9D9}"
EndProject
Global
	GlobalSection(SolutionConfigurationPlatforms) = preSolution
		Debug|Any CPU = Debug|Any CPU
		Release|Any CPU = Release|Any CPU
	EndGlobalSection
	GlobalSection(ProjectConfigurationPlatforms) = postSolution
		{46B01093-DB64-4A15-880A-6905345DB9D9}.Debug|Any CPU.ActiveCfg = Debug|Any CPU
		{46B01093-DB64-4A15-880A-6905345DB9D9}.Debug|Any CPU.Build.0 = Debug|Any CPU
		{46B01093-DB64-4A15-880A-6905345DB9D9}.Release|Any CPU.ActiveCfg = Release|Any CPU
		{46B01093-DB64-4A15-880A-6905345DB9D9}.Release|Any CPU.Build.0 = Release|Any CPU
	EndGlobalSection
	GlobalSection(SolutionProperties) = preSolution
		HideSolutionNode = FALSE
	EndGlobalSection
	GlobalSection(ExtensibilityGlobals) = postSolution
		SolutionGuid = {3DA8CD6E-62DF-4CA3-B81E-6259E3E91019}
	EndGlobalSection
EndGlobal
