
Microsoft Visual Studio Solution File, Format Version 12.00
# Visual Studio Version 17
VisualStudioVersion = 17.1.32414.318
MinimumVisualStudioVersion = 10.0.40219.1
Project("{FAE04EC0-301F-11D3-BF4B-00C04F79EFBC}") = "Calculator class", "Calculator class.csproj", "{3BDEAFC9-E054-4A78-9348-4FE7BF5AF11E}"
EndProject
Global
	GlobalSection(SolutionConfigurationPlatforms) = preSolution
		Debug|Any CPU = Debug|Any CPU
		Release|Any CPU = Release|Any CPU
	EndGlobalSection
	GlobalSection(ProjectConfigurationPlatforms) = postSolution
		{3BDEAFC9-E054-4A78-9348-4FE7BF5AF11E}.Debug|Any CPU.ActiveCfg = Debug|Any CPU
		{3BDEAFC9-E054-4A78-9348-4FE7BF5AF11E}.Debug|Any CPU.Build.0 = Debug|Any CPU
		{3BDEAFC9-E054-4A78-9348-4FE7BF5AF11E}.Release|Any CPU.ActiveCfg = Release|Any CPU
		{3BDEAFC9-E054-4A78-9348-4FE7BF5AF11E}.Release|Any CPU.Build.0 = Release|Any CPU
	EndGlobalSection
	GlobalSection(SolutionProperties) = preSolution
		HideSolutionNode = FALSE
	EndGlobalSection
	GlobalSection(ExtensibilityGlobals) = postSolution
		SolutionGuid = {BE9C3AD2-C8D7-4488-B443-68FAFB1474CE}
	EndGlobalSection
EndGlobal
