
Microsoft Visual Studio Solution File, Format Version 12.00
# Visual Studio Version 17
VisualStudioVersion = 17.1.32414.318
MinimumVisualStudioVersion = 10.0.40219.1
Project("{FAE04EC0-301F-11D3-BF4B-00C04F79EFBC}") = "MultiplicationTable", "MultiplicationTable.csproj", "{28A57323-6FF4-49EC-B04C-DD78B7E55BF8}"
EndProject
Global
	GlobalSection(SolutionConfigurationPlatforms) = preSolution
		Debug|Any CPU = Debug|Any CPU
		Release|Any CPU = Release|Any CPU
	EndGlobalSection
	GlobalSection(ProjectConfigurationPlatforms) = postSolution
		{28A57323-6FF4-49EC-B04C-DD78B7E55BF8}.Debug|Any CPU.ActiveCfg = Debug|Any CPU
		{28A57323-6FF4-49EC-B04C-DD78B7E55BF8}.Debug|Any CPU.Build.0 = Debug|Any CPU
		{28A57323-6FF4-49EC-B04C-DD78B7E55BF8}.Release|Any CPU.ActiveCfg = Release|Any CPU
		{28A57323-6FF4-49EC-B04C-DD78B7E55BF8}.Release|Any CPU.Build.0 = Release|Any CPU
	EndGlobalSection
	GlobalSection(SolutionProperties) = preSolution
		HideSolutionNode = FALSE
	EndGlobalSection
	GlobalSection(ExtensibilityGlobals) = postSolution
		SolutionGuid = {C09A072C-D561-4218-B7A6-6CEDFCE119F5}
	EndGlobalSection
EndGlobal
