
Microsoft Visual Studio Solution File, Format Version 12.00
# Visual Studio Version 17
VisualStudioVersion = 17.0.32112.339
MinimumVisualStudioVersion = 10.0.40219.1
Project("{FAE04EC0-301F-11D3-BF4B-00C04F79EFBC}") = "multidimensional arrays", "multidimensional arrays.csproj", "{8B297DFA-F553-45D5-A145-83948CE53924}"
EndProject
Global
	GlobalSection(SolutionConfigurationPlatforms) = preSolution
		Debug|Any CPU = Debug|Any CPU
		Release|Any CPU = Release|Any CPU
	EndGlobalSection
	GlobalSection(ProjectConfigurationPlatforms) = postSolution
		{8B297DFA-F553-45D5-A145-83948CE53924}.Debug|Any CPU.ActiveCfg = Debug|Any CPU
		{8B297DFA-F553-45D5-A145-83948CE53924}.Debug|Any CPU.Build.0 = Debug|Any CPU
		{8B297DFA-F553-45D5-A145-83948CE53924}.Release|Any CPU.ActiveCfg = Release|Any CPU
		{8B297DFA-F553-45D5-A145-83948CE53924}.Release|Any CPU.Build.0 = Release|Any CPU
	EndGlobalSection
	GlobalSection(SolutionProperties) = preSolution
		HideSolutionNode = FALSE
	EndGlobalSection
	GlobalSection(ExtensibilityGlobals) = postSolution
		SolutionGuid = {B451A859-ACE5-45C9-A295-7B63F99D38D3}
	EndGlobalSection
EndGlobal
